#include <SFML/Graphics.hpp>
#include <iostream>
#include <string>

using namespace std;
using namespace sf;

int main(){

	RenderWindow window(VideoMode(800, 600), " connect four ",Style::Close);
	while (window.isOpen()){
		Event event;
		while (window.pollEvent(event)){
			switch (event.type){
			case Event::Closed:
				window.close();
				break;
			case Event::KeyPressed:
				cout << " key pressed " << endl;
				break;
			case Event::JoystickConnected:
				cout << " joystick is connected " << endl;
				break;
			case Event::JoystickDisconnected:
				cout << "joy is disconnected " << endl;
				break;
				
			//case Event::KeyReleased:
				//cout << " key released " << endl;
				
				switch (event.key.code){
				case Keyboard::A:
					cout << " A pressed " << endl;
					break;
				}
			}
		}
		window.clear();
		window.display();
	}


	return 0;
}
